
Microsoft Visual Studio Solution File, Format Version 11.00
# Visual Studio 2010
Project("{FAE04EC0-301F-11D3-BF4B-00C04F79EFBC}") = "Assembly-CSharp", "Assembly-CSharp.csproj", "{5272BBB1-77B7-1C7C-419B-90258E443C43}"
EndProject
Project("{FAE04EC0-301F-11D3-BF4B-00C04F79EFBC}") = "Assembly-CSharp-Editor-firstpass", "Assembly-CSharp-Editor-firstpass.csproj", "{7BEC660D-0E94-32BA-E3CC-37034009A55D}"
EndProject
Global
	GlobalSection(SolutionConfigurationPlatforms) = preSolution
		Debug|Any CPU = Debug|Any CPU
		Release|Any CPU = Release|Any CPU
	EndGlobalSection
	GlobalSection(ProjectConfigurationPlatforms) = postSolution
		{5272BBB1-77B7-1C7C-419B-90258E443C43}.Debug|Any CPU.ActiveCfg = Debug|Any CPU
		{5272BBB1-77B7-1C7C-419B-90258E443C43}.Debug|Any CPU.Build.0 = Debug|Any CPU
		{5272BBB1-77B7-1C7C-419B-90258E443C43}.Release|Any CPU.ActiveCfg = Release|Any CPU
		{5272BBB1-77B7-1C7C-419B-90258E443C43}.Release|Any CPU.Build.0 = Release|Any CPU
		{7BEC660D-0E94-32BA-E3CC-37034009A55D}.Debug|Any CPU.ActiveCfg = Debug|Any CPU
		{7BEC660D-0E94-32BA-E3CC-37034009A55D}.Debug|Any CPU.Build.0 = Debug|Any CPU
		{7BEC660D-0E94-32BA-E3CC-37034009A55D}.Release|Any CPU.ActiveCfg = Release|Any CPU
		{7BEC660D-0E94-32BA-E3CC-37034009A55D}.Release|Any CPU.Build.0 = Release|Any CPU
	EndGlobalSection
	GlobalSection(SolutionProperties) = preSolution
		HideSolutionNode = FALSE
	EndGlobalSection
EndGlobal
